
Microsoft Visual Studio Solution File, Format Version 12.00
# Visual Studio Version 17
VisualStudioVersion = 17.5.33516.290
MinimumVisualStudioVersion = 10.0.40219.1
Project("{FAE04EC0-301F-11D3-BF4B-00C04F79EFBC}") = "CrudOperations", "CrudOperations\CrudOperations.csproj", "{8B3357E2-92BD-4465-987C-E75A049FE679}"
EndProject
Global
	GlobalSection(SolutionConfigurationPlatforms) = preSolution
		Debug|Any CPU = Debug|Any CPU
		Release|Any CPU = Release|Any CPU
	EndGlobalSection
	GlobalSection(ProjectConfigurationPlatforms) = postSolution
		{8B3357E2-92BD-4465-987C-E75A049FE679}.Debug|Any CPU.ActiveCfg = Debug|Any CPU
		{8B3357E2-92BD-4465-987C-E75A049FE679}.Debug|Any CPU.Build.0 = Debug|Any CPU
		{8B3357E2-92BD-4465-987C-E75A049FE679}.Release|Any CPU.ActiveCfg = Release|Any CPU
		{8B3357E2-92BD-4465-987C-E75A049FE679}.Release|Any CPU.Build.0 = Release|Any CPU
	EndGlobalSection
	GlobalSection(SolutionProperties) = preSolution
		HideSolutionNode = FALSE
	EndGlobalSection
	GlobalSection(ExtensibilityGlobals) = postSolution
		SolutionGuid = {632A5C05-1284-4B04-94D9-AA1D04B0057F}
	EndGlobalSection
EndGlobal
